
Microsoft Visual Studio Solution File, Format Version 12.00
# Visual Studio 14
VisualStudioVersion = 14.0.25420.1
MinimumVisualStudioVersion = 10.0.40219.1
Project("{FAE04EC0-301F-11D3-BF4B-00C04F79EFBC}") = "_03.SegundaApp", "03.SegundaApp\_03.SegundaApp\_03.SegundaApp.csproj", "{6B01A89F-F195-40DD-9993-48BA3CC50CDD}"
EndProject
Project("{FAE04EC0-301F-11D3-BF4B-00C04F79EFBC}") = "_03.SegundaApp.Droid", "03.SegundaApp\_03.SegundaApp.Droid\_03.SegundaApp.Droid.csproj", "{88A9CE03-3579-4E2D-899E-1D3BF0C77792}"
EndProject
Project("{FAE04EC0-301F-11D3-BF4B-00C04F79EFBC}") = "_03.SegundaApp.iOS", "03.SegundaApp\_03.SegundaApp.iOS\_03.SegundaApp.iOS.csproj", "{0FA2E340-CF45-4237-AA2F-4B10C61420A8}"
EndProject
Global
	GlobalSection(SolutionConfigurationPlatforms) = preSolution
		Ad-Hoc|Any CPU = Ad-Hoc|Any CPU
		Ad-Hoc|ARM = Ad-Hoc|ARM
		Ad-Hoc|iPhone = Ad-Hoc|iPhone
		Ad-Hoc|iPhoneSimulator = Ad-Hoc|iPhoneSimulator
		Ad-Hoc|x64 = Ad-Hoc|x64
		Ad-Hoc|x86 = Ad-Hoc|x86
		AppStore|Any CPU = AppStore|Any CPU
		AppStore|ARM = AppStore|ARM
		AppStore|iPhone = AppStore|iPhone
		AppStore|iPhoneSimulator = AppStore|iPhoneSimulator
		AppStore|x64 = AppStore|x64
		AppStore|x86 = AppStore|x86
		Debug|Any CPU = Debug|Any CPU
		Debug|ARM = Debug|ARM
		Debug|iPhone = Debug|iPhone
		Debug|iPhoneSimulator = Debug|iPhoneSimulator
		Debug|x64 = Debug|x64
		Debug|x86 = Debug|x86
		Release|Any CPU = Release|Any CPU
		Release|ARM = Release|ARM
		Release|iPhone = Release|iPhone
		Release|iPhoneSimulator = Release|iPhoneSimulator
		Release|x64 = Release|x64
		Release|x86 = Release|x86
	EndGlobalSection
	GlobalSection(ProjectConfigurationPlatforms) = postSolution
		{6B01A89F-F195-40DD-9993-48BA3CC50CDD}.Ad-Hoc|Any CPU.ActiveCfg = Release|Any CPU
		{6B01A89F-F195-40DD-9993-48BA3CC50CDD}.Ad-Hoc|Any CPU.Build.0 = Release|Any CPU
		{6B01A89F-F195-40DD-9993-48BA3CC50CDD}.Ad-Hoc|ARM.ActiveCfg = Release|Any CPU
		{6B01A89F-F195-40DD-9993-48BA3CC50CDD}.Ad-Hoc|ARM.Build.0 = Release|Any CPU
		{6B01A89F-F195-40DD-9993-48BA3CC50CDD}.Ad-Hoc|iPhone.ActiveCfg = Release|Any CPU
		{6B01A89F-F195-40DD-9993-48BA3CC50CDD}.Ad-Hoc|iPhone.Build.0 = Release|Any CPU
		{6B01A89F-F195-40DD-9993-48BA3CC50CDD}.Ad-Hoc|iPhoneSimulator.ActiveCfg = Release|Any CPU
		{6B01A89F-F195-40DD-9993-48BA3CC50CDD}.Ad-Hoc|iPhoneSimulator.Build.0 = Release|Any CPU
		{6B01A89F-F195-40DD-9993-48BA3CC50CDD}.Ad-Hoc|x64.ActiveCfg = Release|Any CPU
		{6B01A89F-F195-40DD-9993-48BA3CC50CDD}.Ad-Hoc|x64.Build.0 = Release|Any CPU
		{6B01A89F-F195-40DD-9993-48BA3CC50CDD}.Ad-Hoc|x86.ActiveCfg = Release|Any CPU
		{6B01A89F-F195-40DD-9993-48BA3CC50CDD}.Ad-Hoc|x86.Build.0 = Release|Any CPU
		{6B01A89F-F195-40DD-9993-48BA3CC50CDD}.AppStore|Any CPU.ActiveCfg = Release|Any CPU
		{6B01A89F-F195-40DD-9993-48BA3CC50CDD}.AppStore|Any CPU.Build.0 = Release|Any CPU
		{6B01A89F-F195-40DD-9993-48BA3CC50CDD}.AppStore|ARM.ActiveCfg = Release|Any CPU
		{6B01A89F-F195-40DD-9993-48BA3CC50CDD}.AppStore|ARM.Build.0 = Release|Any CPU
		{6B01A89F-F195-40DD-9993-48BA3CC50CDD}.AppStore|iPhone.ActiveCfg = Release|Any CPU
		{6B01A89F-F195-40DD-9993-48BA3CC50CDD}.AppStore|iPhone.Build.0 = Release|Any CPU
		{6B01A89F-F195-40DD-9993-48BA3CC50CDD}.AppStore|iPhoneSimulator.ActiveCfg = Release|Any CPU
		{6B01A89F-F195-40DD-9993-48BA3CC50CDD}.AppStore|iPhoneSimulator.Build.0 = Release|Any CPU
		{6B01A89F-F195-40DD-9993-48BA3CC50CDD}.AppStore|x64.ActiveCfg = Release|Any CPU
		{6B01A89F-F195-40DD-9993-48BA3CC50CDD}.AppStore|x64.Build.0 = Release|Any CPU
		{6B01A89F-F195-40DD-9993-48BA3CC50CDD}.AppStore|x86.ActiveCfg = Release|Any CPU
		{6B01A89F-F195-40DD-9993-48BA3CC50CDD}.AppStore|x86.Build.0 = Release|Any CPU
		{6B01A89F-F195-40DD-9993-48BA3CC50CDD}.Debug|Any CPU.ActiveCfg = Debug|Any CPU
		{6B01A89F-F195-40DD-9993-48BA3CC50CDD}.Debug|Any CPU.Build.0 = Debug|Any CPU
		{6B01A89F-F195-40DD-9993-48BA3CC50CDD}.Debug|ARM.ActiveCfg = Debug|Any CPU
		{6B01A89F-F195-40DD-9993-48BA3CC50CDD}.Debug|ARM.Build.0 = Debug|Any CPU
		{6B01A89F-F195-40DD-9993-48BA3CC50CDD}.Debug|iPhone.ActiveCfg = Debug|Any CPU
		{6B01A89F-F195-40DD-9993-48BA3CC50CDD}.Debug|iPhone.Build.0 = Debug|Any CPU
		{6B01A89F-F195-40DD-9993-48BA3CC50CDD}.Debug|iPhoneSimulator.ActiveCfg = Debug|Any CPU
		{6B01A89F-F195-40DD-9993-48BA3CC50CDD}.Debug|iPhoneSimulator.Build.0 = Debug|Any CPU
		{6B01A89F-F195-40DD-9993-48BA3CC50CDD}.Debug|x64.ActiveCfg = Debug|Any CPU
		{6B01A89F-F195-40DD-9993-48BA3CC50CDD}.Debug|x64.Build.0 = Debug|Any CPU
		{6B01A89F-F195-40DD-9993-48BA3CC50CDD}.Debug|x86.ActiveCfg = Debug|Any CPU
		{6B01A89F-F195-40DD-9993-48BA3CC50CDD}.Debug|x86.Build.0 = Debug|Any CPU
		{6B01A89F-F195-40DD-9993-48BA3CC50CDD}.Release|Any CPU.ActiveCfg = Release|Any CPU
		{6B01A89F-F195-40DD-9993-48BA3CC50CDD}.Release|Any CPU.Build.0 = Release|Any CPU
		{6B01A89F-F195-40DD-9993-48BA3CC50CDD}.Release|ARM.ActiveCfg = Release|Any CPU
		{6B01A89F-F195-40DD-9993-48BA3CC50CDD}.Release|ARM.Build.0 = Release|Any CPU
		{6B01A89F-F195-40DD-9993-48BA3CC50CDD}.Release|iPhone.ActiveCfg = Release|Any CPU
		{6B01A89F-F195-40DD-9993-48BA3CC50CDD}.Release|iPhone.Build.0 = Release|Any CPU
		{6B01A89F-F195-40DD-9993-48BA3CC50CDD}.Release|iPhoneSimulator.ActiveCfg = Release|Any CPU
		{6B01A89F-F195-40DD-9993-48BA3CC50CDD}.Release|iPhoneSimulator.Build.0 = Release|Any CPU
		{6B01A89F-F195-40DD-9993-48BA3CC50CDD}.Release|x64.ActiveCfg = Release|Any CPU
		{6B01A89F-F195-40DD-9993-48BA3CC50CDD}.Release|x64.Build.0 = Release|Any CPU
		{6B01A89F-F195-40DD-9993-48BA3CC50CDD}.Release|x86.ActiveCfg = Release|Any CPU
		{6B01A89F-F195-40DD-9993-48BA3CC50CDD}.Release|x86.Build.0 = Release|Any CPU
		{88A9CE03-3579-4E2D-899E-1D3BF0C77792}.Ad-Hoc|Any CPU.ActiveCfg = Release|Any CPU
		{88A9CE03-3579-4E2D-899E-1D3BF0C77792}.Ad-Hoc|Any CPU.Build.0 = Release|Any CPU
		{88A9CE03-3579-4E2D-899E-1D3BF0C77792}.Ad-Hoc|Any CPU.Deploy.0 = Release|Any CPU
		{88A9CE03-3579-4E2D-899E-1D3BF0C77792}.Ad-Hoc|ARM.ActiveCfg = Release|Any CPU
		{88A9CE03-3579-4E2D-899E-1D3BF0C77792}.Ad-Hoc|ARM.Build.0 = Release|Any CPU
		{88A9CE03-3579-4E2D-899E-1D3BF0C77792}.Ad-Hoc|ARM.Deploy.0 = Release|Any CPU
		{88A9CE03-3579-4E2D-899E-1D3BF0C77792}.Ad-Hoc|iPhone.ActiveCfg = Release|Any CPU
		{88A9CE03-3579-4E2D-899E-1D3BF0C77792}.Ad-Hoc|iPhone.Build.0 = Release|Any CPU
		{88A9CE03-3579-4E2D-899E-1D3BF0C77792}.Ad-Hoc|iPhone.Deploy.0 = Release|Any CPU
		{88A9CE03-3579-4E2D-899E-1D3BF0C77792}.Ad-Hoc|iPhoneSimulator.ActiveCfg = Release|Any CPU
		{88A9CE03-3579-4E2D-899E-1D3BF0C77792}.Ad-Hoc|iPhoneSimulator.Build.0 = Release|Any CPU
		{88A9CE03-3579-4E2D-899E-1D3BF0C77792}.Ad-Hoc|iPhoneSimulator.Deploy.0 = Release|Any CPU
		{88A9CE03-3579-4E2D-899E-1D3BF0C77792}.Ad-Hoc|x64.ActiveCfg = Release|Any CPU
		{88A9CE03-3579-4E2D-899E-1D3BF0C77792}.Ad-Hoc|x64.Build.0 = Release|Any CPU
		{88A9CE03-3579-4E2D-899E-1D3BF0C77792}.Ad-Hoc|x64.Deploy.0 = Release|Any CPU
		{88A9CE03-3579-4E2D-899E-1D3BF0C77792}.Ad-Hoc|x86.ActiveCfg = Release|Any CPU
		{88A9CE03-3579-4E2D-899E-1D3BF0C77792}.Ad-Hoc|x86.Build.0 = Release|Any CPU
		{88A9CE03-3579-4E2D-899E-1D3BF0C77792}.Ad-Hoc|x86.Deploy.0 = Release|Any CPU
		{88A9CE03-3579-4E2D-899E-1D3BF0C77792}.AppStore|Any CPU.ActiveCfg = Release|Any CPU
		{88A9CE03-3579-4E2D-899E-1D3BF0C77792}.AppStore|Any CPU.Build.0 = Release|Any CPU
		{88A9CE03-3579-4E2D-899E-1D3BF0C77792}.AppStore|Any CPU.Deploy.0 = Release|Any CPU
		{88A9CE03-3579-4E2D-899E-1D3BF0C77792}.AppStore|ARM.ActiveCfg = Release|Any CPU
		{88A9CE03-3579-4E2D-899E-1D3BF0C77792}.AppStore|ARM.Build.0 = Release|Any CPU
		{88A9CE03-3579-4E2D-899E-1D3BF0C77792}.AppStore|ARM.Deploy.0 = Release|Any CPU
		{88A9CE03-3579-4E2D-899E-1D3BF0C77792}.AppStore|iPhone.ActiveCfg = Release|Any CPU
		{88A9CE03-3579-4E2D-899E-1D3BF0C77792}.AppStore|iPhone.Build.0 = Release|Any CPU
		{88A9CE03-3579-4E2D-899E-1D3BF0C77792}.AppStore|iPhone.Deploy.0 = Release|Any CPU
		{88A9CE03-3579-4E2D-899E-1D3BF0C77792}.AppStore|iPhoneSimulator.ActiveCfg = Release|Any CPU
		{88A9CE03-3579-4E2D-899E-1D3BF0C77792}.AppStore|iPhoneSimulator.Build.0 = Release|Any CPU
		{88A9CE03-3579-4E2D-899E-1D3BF0C77792}.AppStore|iPhoneSimulator.Deploy.0 = Release|Any CPU
		{88A9CE03-3579-4E2D-899E-1D3BF0C77792}.AppStore|x64.ActiveCfg = Release|Any CPU
		{88A9CE03-3579-4E2D-899E-1D3BF0C77792}.AppStore|x64.Build.0 = Release|Any CPU
		{88A9CE03-3579-4E2D-899E-1D3BF0C77792}.AppStore|x64.Deploy.0 = Release|Any CPU
		{88A9CE03-3579-4E2D-899E-1D3BF0C77792}.AppStore|x86.ActiveCfg = Release|Any CPU
		{88A9CE03-3579-4E2D-899E-1D3BF0C77792}.AppStore|x86.Build.0 = Release|Any CPU
		{88A9CE03-3579-4E2D-899E-1D3BF0C77792}.AppStore|x86.Deploy.0 = Release|Any CPU
		{88A9CE03-3579-4E2D-899E-1D3BF0C77792}.Debug|Any CPU.ActiveCfg = Debug|Any CPU
		{88A9CE03-3579-4E2D-899E-1D3BF0C77792}.Debug|Any CPU.Build.0 = Debug|Any CPU
		{88A9CE03-3579-4E2D-899E-1D3BF0C77792}.Debug|Any CPU.Deploy.0 = Debug|Any CPU
		{88A9CE03-3579-4E2D-899E-1D3BF0C77792}.Debug|ARM.ActiveCfg = Debug|Any CPU
		{88A9CE03-3579-4E2D-899E-1D3BF0C77792}.Debug|ARM.Build.0 = Debug|Any CPU
		{88A9CE03-3579-4E2D-899E-1D3BF0C77792}.Debug|ARM.Deploy.0 = Debug|Any CPU
		{88A9CE03-3579-4E2D-899E-1D3BF0C77792}.Debug|iPhone.ActiveCfg = Debug|Any CPU
		{88A9CE03-3579-4E2D-899E-1D3BF0C77792}.Debug|iPhone.Build.0 = Debug|Any CPU
		{88A9CE03-3579-4E2D-899E-1D3BF0C77792}.Debug|iPhone.Deploy.0 = Debug|Any CPU
		{88A9CE03-3579-4E2D-899E-1D3BF0C77792}.Debug|iPhoneSimulator.ActiveCfg = Debug|Any CPU
		{88A9CE03-3579-4E2D-899E-1D3BF0C77792}.Debug|iPhoneSimulator.Build.0 = Debug|Any CPU
		{88A9CE03-3579-4E2D-899E-1D3BF0C77792}.Debug|iPhoneSimulator.Deploy.0 = Debug|Any CPU
		{88A9CE03-3579-4E2D-899E-1D3BF0C77792}.Debug|x64.ActiveCfg = Debug|Any CPU
		{88A9CE03-3579-4E2D-899E-1D3BF0C77792}.Debug|x64.Build.0 = Debug|Any CPU
		{88A9CE03-3579-4E2D-899E-1D3BF0C77792}.Debug|x64.Deploy.0 = Debug|Any CPU
		{88A9CE03-3579-4E2D-899E-1D3BF0C77792}.Debug|x86.ActiveCfg = Debug|Any CPU
		{88A9CE03-3579-4E2D-899E-1D3BF0C77792}.Debug|x86.Build.0 = Debug|Any CPU
		{88A9CE03-3579-4E2D-899E-1D3BF0C77792}.Debug|x86.Deploy.0 = Debug|Any CPU
		{88A9CE03-3579-4E2D-899E-1D3BF0C77792}.Release|Any CPU.ActiveCfg = Release|Any CPU
		{88A9CE03-3579-4E2D-899E-1D3BF0C77792}.Release|Any CPU.Build.0 = Release|Any CPU
		{88A9CE03-3579-4E2D-899E-1D3BF0C77792}.Release|Any CPU.Deploy.0 = Release|Any CPU
		{88A9CE03-3579-4E2D-899E-1D3BF0C77792}.Release|ARM.ActiveCfg = Release|Any CPU
		{88A9CE03-3579-4E2D-899E-1D3BF0C77792}.Release|ARM.Build.0 = Release|Any CPU
		{88A9CE03-3579-4E2D-899E-1D3BF0C77792}.Release|ARM.Deploy.0 = Release|Any CPU
		{88A9CE03-3579-4E2D-899E-1D3BF0C77792}.Release|iPhone.ActiveCfg = Release|Any CPU
		{88A9CE03-3579-4E2D-899E-1D3BF0C77792}.Release|iPhone.Build.0 = Release|Any CPU
		{88A9CE03-3579-4E2D-899E-1D3BF0C77792}.Release|iPhone.Deploy.0 = Release|Any CPU
		{88A9CE03-3579-4E2D-899E-1D3BF0C77792}.Release|iPhoneSimulator.ActiveCfg = Release|Any CPU
		{88A9CE03-3579-4E2D-899E-1D3BF0C77792}.Release|iPhoneSimulator.Build.0 = Release|Any CPU
		{88A9CE03-3579-4E2D-899E-1D3BF0C77792}.Release|iPhoneSimulator.Deploy.0 = Release|Any CPU
		{88A9CE03-3579-4E2D-899E-1D3BF0C77792}.Release|x64.ActiveCfg = Release|Any CPU
		{88A9CE03-3579-4E2D-899E-1D3BF0C77792}.Release|x64.Build.0 = Release|Any CPU
		{88A9CE03-3579-4E2D-899E-1D3BF0C77792}.Release|x64.Deploy.0 = Release|Any CPU
		{88A9CE03-3579-4E2D-899E-1D3BF0C77792}.Release|x86.ActiveCfg = Release|Any CPU
		{88A9CE03-3579-4E2D-899E-1D3BF0C77792}.Release|x86.Build.0 = Release|Any CPU
		{88A9CE03-3579-4E2D-899E-1D3BF0C77792}.Release|x86.Deploy.0 = Release|Any CPU
		{0FA2E340-CF45-4237-AA2F-4B10C61420A8}.Ad-Hoc|Any CPU.ActiveCfg = Ad-Hoc|iPhone
		{0FA2E340-CF45-4237-AA2F-4B10C61420A8}.Ad-Hoc|ARM.ActiveCfg = Ad-Hoc|iPhone
		{0FA2E340-CF45-4237-AA2F-4B10C61420A8}.Ad-Hoc|iPhone.ActiveCfg = Ad-Hoc|iPhone
		{0FA2E340-CF45-4237-AA2F-4B10C61420A8}.Ad-Hoc|iPhone.Build.0 = Ad-Hoc|iPhone
		{0FA2E340-CF45-4237-AA2F-4B10C61420A8}.Ad-Hoc|iPhoneSimulator.ActiveCfg = Ad-Hoc|iPhoneSimulator
		{0FA2E340-CF45-4237-AA2F-4B10C61420A8}.Ad-Hoc|iPhoneSimulator.Build.0 = Ad-Hoc|iPhoneSimulator
		{0FA2E340-CF45-4237-AA2F-4B10C61420A8}.Ad-Hoc|x64.ActiveCfg = Ad-Hoc|iPhone
		{0FA2E340-CF45-4237-AA2F-4B10C61420A8}.Ad-Hoc|x86.ActiveCfg = Ad-Hoc|iPhone
		{0FA2E340-CF45-4237-AA2F-4B10C61420A8}.AppStore|Any CPU.ActiveCfg = AppStore|iPhone
		{0FA2E340-CF45-4237-AA2F-4B10C61420A8}.AppStore|ARM.ActiveCfg = AppStore|iPhone
		{0FA2E340-CF45-4237-AA2F-4B10C61420A8}.AppStore|iPhone.ActiveCfg = AppStore|iPhone
		{0FA2E340-CF45-4237-AA2F-4B10C61420A8}.AppStore|iPhone.Build.0 = AppStore|iPhone
		{0FA2E340-CF45-4237-AA2F-4B10C61420A8}.AppStore|iPhoneSimulator.ActiveCfg = AppStore|iPhoneSimulator
		{0FA2E340-CF45-4237-AA2F-4B10C61420A8}.AppStore|iPhoneSimulator.Build.0 = AppStore|iPhoneSimulator
		{0FA2E340-CF45-4237-AA2F-4B10C61420A8}.AppStore|x64.ActiveCfg = AppStore|iPhone
		{0FA2E340-CF45-4237-AA2F-4B10C61420A8}.AppStore|x86.ActiveCfg = AppStore|iPhone
		{0FA2E340-CF45-4237-AA2F-4B10C61420A8}.Debug|Any CPU.ActiveCfg = Debug|iPhone
		{0FA2E340-CF45-4237-AA2F-4B10C61420A8}.Debug|ARM.ActiveCfg = Debug|iPhone
		{0FA2E340-CF45-4237-AA2F-4B10C61420A8}.Debug|iPhone.ActiveCfg = Debug|iPhone
		{0FA2E340-CF45-4237-AA2F-4B10C61420A8}.Debug|iPhone.Build.0 = Debug|iPhone
		{0FA2E340-CF45-4237-AA2F-4B10C61420A8}.Debug|iPhoneSimulator.ActiveCfg = Debug|iPhoneSimulator
		{0FA2E340-CF45-4237-AA2F-4B10C61420A8}.Debug|iPhoneSimulator.Build.0 = Debug|iPhoneSimulator
		{0FA2E340-CF45-4237-AA2F-4B10C61420A8}.Debug|x64.ActiveCfg = Debug|iPhone
		{0FA2E340-CF45-4237-AA2F-4B10C61420A8}.Debug|x86.ActiveCfg = Debug|iPhone
		{0FA2E340-CF45-4237-AA2F-4B10C61420A8}.Release|Any CPU.ActiveCfg = Release|iPhone
		{0FA2E340-CF45-4237-AA2F-4B10C61420A8}.Release|ARM.ActiveCfg = Release|iPhone
		{0FA2E340-CF45-4237-AA2F-4B10C61420A8}.Release|iPhone.ActiveCfg = Release|iPhone
		{0FA2E340-CF45-4237-AA2F-4B10C61420A8}.Release|iPhone.Build.0 = Release|iPhone
		{0FA2E340-CF45-4237-AA2F-4B10C61420A8}.Release|iPhoneSimulator.ActiveCfg = Release|iPhoneSimulator
		{0FA2E340-CF45-4237-AA2F-4B10C61420A8}.Release|iPhoneSimulator.Build.0 = Release|iPhoneSimulator
		{0FA2E340-CF45-4237-AA2F-4B10C61420A8}.Release|x64.ActiveCfg = Release|iPhone
		{0FA2E340-CF45-4237-AA2F-4B10C61420A8}.Release|x86.ActiveCfg = Release|iPhone
	EndGlobalSection
	GlobalSection(SolutionProperties) = preSolution
		HideSolutionNode = FALSE
	EndGlobalSection
EndGlobal
